
Microsoft Visual Studio Solution File, Format Version 12.00
# Visual Studio Version 17
VisualStudioVersion = 17.5.33424.131
MinimumVisualStudioVersion = 10.0.40219.1
Project("{FAE04EC0-301F-11D3-BF4B-00C04F79EFBC}") = "WorkerService", "WorkerService\WorkerService.csproj", "{83448839-14CD-49D6-BEC3-7076F059C0EC}"
EndProject
Global
	GlobalSection(SolutionConfigurationPlatforms) = preSolution
		Debug|Any CPU = Debug|Any CPU
		Release|Any CPU = Release|Any CPU
	EndGlobalSection
	GlobalSection(ProjectConfigurationPlatforms) = postSolution
		{83448839-14CD-49D6-BEC3-7076F059C0EC}.Debug|Any CPU.ActiveCfg = Debug|Any CPU
		{83448839-14CD-49D6-BEC3-7076F059C0EC}.Debug|Any CPU.Build.0 = Debug|Any CPU
		{83448839-14CD-49D6-BEC3-7076F059C0EC}.Release|Any CPU.ActiveCfg = Release|Any CPU
		{83448839-14CD-49D6-BEC3-7076F059C0EC}.Release|Any CPU.Build.0 = Release|Any CPU
	EndGlobalSection
	GlobalSection(SolutionProperties) = preSolution
		HideSolutionNode = FALSE
	EndGlobalSection
	GlobalSection(ExtensibilityGlobals) = postSolution
		SolutionGuid = {91E951FF-675F-43F7-AA03-A7E4F6ECF18D}
	EndGlobalSection
EndGlobal
